
Microsoft Visual Studio Solution File, Format Version 12.00
# Visual Studio 14
VisualStudioVersion = 14.0.24720.0
MinimumVisualStudioVersion = 10.0.40219.1
Project("{F184B08F-C81C-45F6-A57F-5ABD9991F28F}") = "桌面悬浮窗", "桌面悬浮窗\桌面悬浮窗.vbproj", "{50601877-3B84-423C-9CD5-815A5972ABDF}"
EndProject
Global
	GlobalSection(SolutionConfigurationPlatforms) = preSolution
		Debug|Any CPU = Debug|Any CPU
		Release|Any CPU = Release|Any CPU
	EndGlobalSection
	GlobalSection(ProjectConfigurationPlatforms) = postSolution
		{50601877-3B84-423C-9CD5-815A5972ABDF}.Debug|Any CPU.ActiveCfg = Debug|Any CPU
		{50601877-3B84-423C-9CD5-815A5972ABDF}.Debug|Any CPU.Build.0 = Debug|Any CPU
		{50601877-3B84-423C-9CD5-815A5972ABDF}.Release|Any CPU.ActiveCfg = Release|Any CPU
		{50601877-3B84-423C-9CD5-815A5972ABDF}.Release|Any CPU.Build.0 = Release|Any CPU
	EndGlobalSection
	GlobalSection(SolutionProperties) = preSolution
		HideSolutionNode = FALSE
	EndGlobalSection
EndGlobal
